
Microsoft Visual Studio Solution File, Format Version 12.00
Project("{FAE04EC0-301F-11D3-BF4B-00C04F79EFBC}") = "NamingConvention", "Src\NamingConvention\NamingConvention.csproj", "{8C1F3522-6E17-4EDD-9BF1-406DA65CCE48}"
EndProject
Project("{2150E333-8FDC-42A3-9474-1A3956D46DE8}") = "Src", "Src", "{9395ACB5-8876-42B9-8A84-8E775563F4E0}"
EndProject
Project("{2150E333-8FDC-42A3-9474-1A3956D46DE8}") = "Tests", "Tests", "{BD46ED52-8B7E-4801-806A-CA41B0D337E4}"
EndProject
Project("{FAE04EC0-301F-11D3-BF4B-00C04F79EFBC}") = "Actions.NamingConventions.Tests", "Tests\Actions.NamingConventions.Tests\Actions.NamingConventions.Tests.csproj", "{059AB322-5A5D-40AB-B6CC-BDE77A8979C2}"
EndProject
Global
	GlobalSection(SolutionConfigurationPlatforms) = preSolution
		Debug|Any CPU = Debug|Any CPU
		Release|Any CPU = Release|Any CPU
	EndGlobalSection
	GlobalSection(ProjectConfigurationPlatforms) = postSolution
		{8C1F3522-6E17-4EDD-9BF1-406DA65CCE48}.Debug|Any CPU.ActiveCfg = Debug|Any CPU
		{8C1F3522-6E17-4EDD-9BF1-406DA65CCE48}.Debug|Any CPU.Build.0 = Debug|Any CPU
		{8C1F3522-6E17-4EDD-9BF1-406DA65CCE48}.Release|Any CPU.ActiveCfg = Release|Any CPU
		{8C1F3522-6E17-4EDD-9BF1-406DA65CCE48}.Release|Any CPU.Build.0 = Release|Any CPU
		{059AB322-5A5D-40AB-B6CC-BDE77A8979C2}.Debug|Any CPU.ActiveCfg = Debug|Any CPU
		{059AB322-5A5D-40AB-B6CC-BDE77A8979C2}.Debug|Any CPU.Build.0 = Debug|Any CPU
		{059AB322-5A5D-40AB-B6CC-BDE77A8979C2}.Release|Any CPU.ActiveCfg = Release|Any CPU
		{059AB322-5A5D-40AB-B6CC-BDE77A8979C2}.Release|Any CPU.Build.0 = Release|Any CPU
	EndGlobalSection
	GlobalSection(NestedProjects) = preSolution
		{8C1F3522-6E17-4EDD-9BF1-406DA65CCE48} = {9395ACB5-8876-42B9-8A84-8E775563F4E0}
		{059AB322-5A5D-40AB-B6CC-BDE77A8979C2} = {BD46ED52-8B7E-4801-806A-CA41B0D337E4}
	EndGlobalSection
EndGlobal
